
Microsoft Visual Studio Solution File, Format Version 12.00
# Visual Studio Version 16
VisualStudioVersion = 16.0.31005.135
MinimumVisualStudioVersion = 10.0.40219.1
Project("{FAE04EC0-301F-11D3-BF4B-00C04F79EFBC}") = "CharacterConceptCreator", "CharacterConceptCreator\CharacterConceptCreator.csproj", "{479FAE69-AE5E-4FE1-9DDD-C8B91BD8F7BB}"
EndProject
Global
	GlobalSection(SolutionConfigurationPlatforms) = preSolution
		Debug|Any CPU = Debug|Any CPU
		Release|Any CPU = Release|Any CPU
	EndGlobalSection
	GlobalSection(ProjectConfigurationPlatforms) = postSolution
		{479FAE69-AE5E-4FE1-9DDD-C8B91BD8F7BB}.Debug|Any CPU.ActiveCfg = Debug|Any CPU
		{479FAE69-AE5E-4FE1-9DDD-C8B91BD8F7BB}.Debug|Any CPU.Build.0 = Debug|Any CPU
		{479FAE69-AE5E-4FE1-9DDD-C8B91BD8F7BB}.Release|Any CPU.ActiveCfg = Release|Any CPU
		{479FAE69-AE5E-4FE1-9DDD-C8B91BD8F7BB}.Release|Any CPU.Build.0 = Release|Any CPU
	EndGlobalSection
	GlobalSection(SolutionProperties) = preSolution
		HideSolutionNode = FALSE
	EndGlobalSection
	GlobalSection(ExtensibilityGlobals) = postSolution
		SolutionGuid = {B7F835AC-6E0D-44DE-9B96-28C12C5EA98F}
	EndGlobalSection
EndGlobal
